
Microsoft Visual Studio Solution File, Format Version 12.00
# Visual Studio Version 16
VisualStudioVersion = 16.0.29911.84
MinimumVisualStudioVersion = 10.0.40219.1
Project("{FAE04EC0-301F-11D3-BF4B-00C04F79EFBC}") = "AspNetCoreApiTemplate.Api", "AspNetCoreApiTemplate.Api\AspNetCoreApiTemplate.Api.csproj", "{42A66775-BA91-4ED3-B871-B4F2D8D83770}"
EndProject
Global
	GlobalSection(SolutionConfigurationPlatforms) = preSolution
		Debug|Any CPU = Debug|Any CPU
		Release|Any CPU = Release|Any CPU
	EndGlobalSection
	GlobalSection(ProjectConfigurationPlatforms) = postSolution
		{42A66775-BA91-4ED3-B871-B4F2D8D83770}.Debug|Any CPU.ActiveCfg = Debug|Any CPU
		{42A66775-BA91-4ED3-B871-B4F2D8D83770}.Debug|Any CPU.Build.0 = Debug|Any CPU
		{42A66775-BA91-4ED3-B871-B4F2D8D83770}.Release|Any CPU.ActiveCfg = Release|Any CPU
		{42A66775-BA91-4ED3-B871-B4F2D8D83770}.Release|Any CPU.Build.0 = Release|Any CPU
	EndGlobalSection
	GlobalSection(SolutionProperties) = preSolution
		HideSolutionNode = FALSE
	EndGlobalSection
	GlobalSection(ExtensibilityGlobals) = postSolution
		SolutionGuid = {5ACA722B-5739-4B29-98CC-B3461FA72D16}
	EndGlobalSection
EndGlobal
